
Microsoft Visual Studio Solution File, Format Version 12.00
# Visual Studio Version 17
VisualStudioVersion = 17.14.36705.20 d17.14
MinimumVisualStudioVersion = 10.0.40219.1
Project("{FAE04EC0-301F-11D3-BF4B-00C04F79EFBC}") = "retailItem", "retailItem.csproj", "{311D38D5-609E-445E-96B6-07CAB51FD7A9}"
EndProject
Global
	GlobalSection(SolutionConfigurationPlatforms) = preSolution
		Debug|Any CPU = Debug|Any CPU
		Release|Any CPU = Release|Any CPU
	EndGlobalSection
	GlobalSection(ProjectConfigurationPlatforms) = postSolution
		{311D38D5-609E-445E-96B6-07CAB51FD7A9}.Debug|Any CPU.ActiveCfg = Debug|Any CPU
		{311D38D5-609E-445E-96B6-07CAB51FD7A9}.Debug|Any CPU.Build.0 = Debug|Any CPU
		{311D38D5-609E-445E-96B6-07CAB51FD7A9}.Release|Any CPU.ActiveCfg = Release|Any CPU
		{311D38D5-609E-445E-96B6-07CAB51FD7A9}.Release|Any CPU.Build.0 = Release|Any CPU
	EndGlobalSection
	GlobalSection(SolutionProperties) = preSolution
		HideSolutionNode = FALSE
	EndGlobalSection
	GlobalSection(ExtensibilityGlobals) = postSolution
		SolutionGuid = {7309A043-5630-4D3A-AA2B-8998D04859DB}
	EndGlobalSection
EndGlobal
