
Microsoft Visual Studio Solution File, Format Version 12.00
# Visual Studio Version 17
VisualStudioVersion = 17.14.36310.24 d17.14
MinimumVisualStudioVersion = 10.0.40219.1
Project("{FAE04EC0-301F-11D3-BF4B-00C04F79EFBC}") = "sConboyTest1", "sConboyTest1.csproj", "{2E408952-7F4F-4247-A253-FE5F2A32D97F}"
EndProject
Global
	GlobalSection(SolutionConfigurationPlatforms) = preSolution
		Debug|Any CPU = Debug|Any CPU
		Release|Any CPU = Release|Any CPU
	EndGlobalSection
	GlobalSection(ProjectConfigurationPlatforms) = postSolution
		{2E408952-7F4F-4247-A253-FE5F2A32D97F}.Debug|Any CPU.ActiveCfg = Debug|Any CPU
		{2E408952-7F4F-4247-A253-FE5F2A32D97F}.Debug|Any CPU.Build.0 = Debug|Any CPU
		{2E408952-7F4F-4247-A253-FE5F2A32D97F}.Release|Any CPU.ActiveCfg = Release|Any CPU
		{2E408952-7F4F-4247-A253-FE5F2A32D97F}.Release|Any CPU.Build.0 = Release|Any CPU
	EndGlobalSection
	GlobalSection(SolutionProperties) = preSolution
		HideSolutionNode = FALSE
	EndGlobalSection
	GlobalSection(ExtensibilityGlobals) = postSolution
		SolutionGuid = {26E8BDE0-0AAF-43E2-A81F-35988A9E62B8}
	EndGlobalSection
EndGlobal
