
Microsoft Visual Studio Solution File, Format Version 12.00
# Visual Studio Version 17
VisualStudioVersion = 17.14.36327.8 d17.14
MinimumVisualStudioVersion = 10.0.40219.1
Project("{FAE04EC0-301F-11D3-BF4B-00C04F79EFBC}") = "bookClubPoints", "bookClubPoints.csproj", "{5BA94C3A-BF6C-4B73-90BA-768C0346C511}"
EndProject
Global
	GlobalSection(SolutionConfigurationPlatforms) = preSolution
		Debug|Any CPU = Debug|Any CPU
		Release|Any CPU = Release|Any CPU
	EndGlobalSection
	GlobalSection(ProjectConfigurationPlatforms) = postSolution
		{5BA94C3A-BF6C-4B73-90BA-768C0346C511}.Debug|Any CPU.ActiveCfg = Debug|Any CPU
		{5BA94C3A-BF6C-4B73-90BA-768C0346C511}.Debug|Any CPU.Build.0 = Debug|Any CPU
		{5BA94C3A-BF6C-4B73-90BA-768C0346C511}.Release|Any CPU.ActiveCfg = Release|Any CPU
		{5BA94C3A-BF6C-4B73-90BA-768C0346C511}.Release|Any CPU.Build.0 = Release|Any CPU
	EndGlobalSection
	GlobalSection(SolutionProperties) = preSolution
		HideSolutionNode = FALSE
	EndGlobalSection
	GlobalSection(ExtensibilityGlobals) = postSolution
		SolutionGuid = {989D2CC8-63AA-435A-BFF6-8347A92F9FE2}
	EndGlobalSection
EndGlobal
