
Microsoft Visual Studio Solution File, Format Version 12.00
# Visual Studio Version 17
VisualStudioVersion = 17.14.36327.8 d17.14
MinimumVisualStudioVersion = 10.0.40219.1
Project("{FAE04EC0-301F-11D3-BF4B-00C04F79EFBC}") = "timeZone", "timeZone.csproj", "{16738FD0-9E80-4F6E-9E00-3F8DEBF2A1A3}"
EndProject
Global
	GlobalSection(SolutionConfigurationPlatforms) = preSolution
		Debug|Any CPU = Debug|Any CPU
		Release|Any CPU = Release|Any CPU
	EndGlobalSection
	GlobalSection(ProjectConfigurationPlatforms) = postSolution
		{16738FD0-9E80-4F6E-9E00-3F8DEBF2A1A3}.Debug|Any CPU.ActiveCfg = Debug|Any CPU
		{16738FD0-9E80-4F6E-9E00-3F8DEBF2A1A3}.Debug|Any CPU.Build.0 = Debug|Any CPU
		{16738FD0-9E80-4F6E-9E00-3F8DEBF2A1A3}.Release|Any CPU.ActiveCfg = Release|Any CPU
		{16738FD0-9E80-4F6E-9E00-3F8DEBF2A1A3}.Release|Any CPU.Build.0 = Release|Any CPU
	EndGlobalSection
	GlobalSection(SolutionProperties) = preSolution
		HideSolutionNode = FALSE
	EndGlobalSection
	GlobalSection(ExtensibilityGlobals) = postSolution
		SolutionGuid = {CE6A0C52-C65D-41D9-8050-CFA140EC2A3F}
	EndGlobalSection
EndGlobal
