
Microsoft Visual Studio Solution File, Format Version 12.00
# Visual Studio Version 17
VisualStudioVersion = 17.14.36327.8 d17.14
MinimumVisualStudioVersion = 10.0.40219.1
Project("{FAE04EC0-301F-11D3-BF4B-00C04F79EFBC}") = "softwareSales", "softwareSales.csproj", "{02FF16A2-7942-441C-B3C7-10FE0F34DE31}"
EndProject
Global
	GlobalSection(SolutionConfigurationPlatforms) = preSolution
		Debug|Any CPU = Debug|Any CPU
		Release|Any CPU = Release|Any CPU
	EndGlobalSection
	GlobalSection(ProjectConfigurationPlatforms) = postSolution
		{02FF16A2-7942-441C-B3C7-10FE0F34DE31}.Debug|Any CPU.ActiveCfg = Debug|Any CPU
		{02FF16A2-7942-441C-B3C7-10FE0F34DE31}.Debug|Any CPU.Build.0 = Debug|Any CPU
		{02FF16A2-7942-441C-B3C7-10FE0F34DE31}.Release|Any CPU.ActiveCfg = Release|Any CPU
		{02FF16A2-7942-441C-B3C7-10FE0F34DE31}.Release|Any CPU.Build.0 = Release|Any CPU
	EndGlobalSection
	GlobalSection(SolutionProperties) = preSolution
		HideSolutionNode = FALSE
	EndGlobalSection
	GlobalSection(ExtensibilityGlobals) = postSolution
		SolutionGuid = {E3A266D7-893C-4FD5-89B0-0C637CFAA320}
	EndGlobalSection
EndGlobal
