
Microsoft Visual Studio Solution File, Format Version 12.00
# Visual Studio Version 17
VisualStudioVersion = 17.14.36310.24 d17.14
MinimumVisualStudioVersion = 10.0.40219.1
Project("{FAE04EC0-301F-11D3-BF4B-00C04F79EFBC}") = "LibraryConsole", "LibraryConsole.csproj", "{B5A13221-7BAF-4601-AD4D-C6E3FDF81FAE}"
EndProject
Global
	GlobalSection(SolutionConfigurationPlatforms) = preSolution
		Debug|Any CPU = Debug|Any CPU
		Release|Any CPU = Release|Any CPU
	EndGlobalSection
	GlobalSection(ProjectConfigurationPlatforms) = postSolution
		{B5A13221-7BAF-4601-AD4D-C6E3FDF81FAE}.Debug|Any CPU.ActiveCfg = Debug|Any CPU
		{B5A13221-7BAF-4601-AD4D-C6E3FDF81FAE}.Debug|Any CPU.Build.0 = Debug|Any CPU
		{B5A13221-7BAF-4601-AD4D-C6E3FDF81FAE}.Release|Any CPU.ActiveCfg = Release|Any CPU
		{B5A13221-7BAF-4601-AD4D-C6E3FDF81FAE}.Release|Any CPU.Build.0 = Release|Any CPU
	EndGlobalSection
	GlobalSection(SolutionProperties) = preSolution
		HideSolutionNode = FALSE
	EndGlobalSection
	GlobalSection(ExtensibilityGlobals) = postSolution
		SolutionGuid = {55C319DC-CD6B-47D1-B5A7-91F7F0A50E28}
	EndGlobalSection
EndGlobal
