
Microsoft Visual Studio Solution File, Format Version 12.00
# Visual Studio Version 17
VisualStudioVersion = 17.14.36705.20 d17.14
MinimumVisualStudioVersion = 10.0.40219.1
Project("{FAE04EC0-301F-11D3-BF4B-00C04F79EFBC}") = "PersonnelDb", "PersonnelDb.csproj", "{B059C416-7E52-44F7-88D1-BEBD5B828664}"
EndProject
Global
	GlobalSection(SolutionConfigurationPlatforms) = preSolution
		Debug|Any CPU = Debug|Any CPU
		Release|Any CPU = Release|Any CPU
	EndGlobalSection
	GlobalSection(ProjectConfigurationPlatforms) = postSolution
		{B059C416-7E52-44F7-88D1-BEBD5B828664}.Debug|Any CPU.ActiveCfg = Debug|Any CPU
		{B059C416-7E52-44F7-88D1-BEBD5B828664}.Debug|Any CPU.Build.0 = Debug|Any CPU
		{B059C416-7E52-44F7-88D1-BEBD5B828664}.Release|Any CPU.ActiveCfg = Release|Any CPU
		{B059C416-7E52-44F7-88D1-BEBD5B828664}.Release|Any CPU.Build.0 = Release|Any CPU
	EndGlobalSection
	GlobalSection(SolutionProperties) = preSolution
		HideSolutionNode = FALSE
	EndGlobalSection
	GlobalSection(ExtensibilityGlobals) = postSolution
		SolutionGuid = {E91B03B7-5A80-48D0-8E31-4F088C10AF17}
	EndGlobalSection
EndGlobal
