
Microsoft Visual Studio Solution File, Format Version 12.00
# Visual Studio Version 17
VisualStudioVersion = 17.14.36310.24 d17.14
MinimumVisualStudioVersion = 10.0.40219.1
Project("{FAE04EC0-301F-11D3-BF4B-00C04F79EFBC}") = "rockPaperScissors", "rockPaperScissors.csproj", "{C26395F8-FF40-49EC-80D1-3F917BE1128D}"
EndProject
Global
	GlobalSection(SolutionConfigurationPlatforms) = preSolution
		Debug|Any CPU = Debug|Any CPU
		Release|Any CPU = Release|Any CPU
	EndGlobalSection
	GlobalSection(ProjectConfigurationPlatforms) = postSolution
		{C26395F8-FF40-49EC-80D1-3F917BE1128D}.Debug|Any CPU.ActiveCfg = Debug|Any CPU
		{C26395F8-FF40-49EC-80D1-3F917BE1128D}.Debug|Any CPU.Build.0 = Debug|Any CPU
		{C26395F8-FF40-49EC-80D1-3F917BE1128D}.Release|Any CPU.ActiveCfg = Release|Any CPU
		{C26395F8-FF40-49EC-80D1-3F917BE1128D}.Release|Any CPU.Build.0 = Release|Any CPU
	EndGlobalSection
	GlobalSection(SolutionProperties) = preSolution
		HideSolutionNode = FALSE
	EndGlobalSection
	GlobalSection(ExtensibilityGlobals) = postSolution
		SolutionGuid = {56C6D317-1C47-46DB-8CAA-E22103D6D05E}
	EndGlobalSection
EndGlobal
