
Microsoft Visual Studio Solution File, Format Version 12.00
# Visual Studio Version 17
VisualStudioVersion = 17.14.36310.24 d17.14
MinimumVisualStudioVersion = 10.0.40219.1
Project("{FAE04EC0-301F-11D3-BF4B-00C04F79EFBC}") = "colorMixer", "colorMixer.csproj", "{7864177B-4128-48CA-A3B9-6AF140640602}"
EndProject
Global
	GlobalSection(SolutionConfigurationPlatforms) = preSolution
		Debug|Any CPU = Debug|Any CPU
		Release|Any CPU = Release|Any CPU
	EndGlobalSection
	GlobalSection(ProjectConfigurationPlatforms) = postSolution
		{7864177B-4128-48CA-A3B9-6AF140640602}.Debug|Any CPU.ActiveCfg = Debug|Any CPU
		{7864177B-4128-48CA-A3B9-6AF140640602}.Debug|Any CPU.Build.0 = Debug|Any CPU
		{7864177B-4128-48CA-A3B9-6AF140640602}.Release|Any CPU.ActiveCfg = Release|Any CPU
		{7864177B-4128-48CA-A3B9-6AF140640602}.Release|Any CPU.Build.0 = Release|Any CPU
	EndGlobalSection
	GlobalSection(SolutionProperties) = preSolution
		HideSolutionNode = FALSE
	EndGlobalSection
	GlobalSection(ExtensibilityGlobals) = postSolution
		SolutionGuid = {A270EFEC-5930-4B69-864E-35AC4E91CB89}
	EndGlobalSection
EndGlobal
