
Microsoft Visual Studio Solution File, Format Version 12.00
# Visual Studio Version 17
VisualStudioVersion = 17.14.36616.10 d17.14
MinimumVisualStudioVersion = 10.0.40219.1
Project("{FAE04EC0-301F-11D3-BF4B-00C04F79EFBC}") = "numberAdder", "numberAdder.csproj", "{BFFAC4D4-421F-455E-92C8-9E647B6A0FFD}"
EndProject
Global
	GlobalSection(SolutionConfigurationPlatforms) = preSolution
		Debug|Any CPU = Debug|Any CPU
		Release|Any CPU = Release|Any CPU
	EndGlobalSection
	GlobalSection(ProjectConfigurationPlatforms) = postSolution
		{BFFAC4D4-421F-455E-92C8-9E647B6A0FFD}.Debug|Any CPU.ActiveCfg = Debug|Any CPU
		{BFFAC4D4-421F-455E-92C8-9E647B6A0FFD}.Debug|Any CPU.Build.0 = Debug|Any CPU
		{BFFAC4D4-421F-455E-92C8-9E647B6A0FFD}.Release|Any CPU.ActiveCfg = Release|Any CPU
		{BFFAC4D4-421F-455E-92C8-9E647B6A0FFD}.Release|Any CPU.Build.0 = Release|Any CPU
	EndGlobalSection
	GlobalSection(SolutionProperties) = preSolution
		HideSolutionNode = FALSE
	EndGlobalSection
	GlobalSection(ExtensibilityGlobals) = postSolution
		SolutionGuid = {EE751335-1D78-4594-8E50-4F1FA99EA51D}
	EndGlobalSection
EndGlobal
