
Microsoft Visual Studio Solution File, Format Version 12.00
# Visual Studio Version 17
VisualStudioVersion = 17.14.36327.8 d17.14
MinimumVisualStudioVersion = 10.0.40219.1
Project("{FAE04EC0-301F-11D3-BF4B-00C04F79EFBC}") = "sConboyLab1", "sConboyLab1.csproj", "{F4DD1538-1323-4F30-A085-02E5533DEB39}"
EndProject
Global
	GlobalSection(SolutionConfigurationPlatforms) = preSolution
		Debug|Any CPU = Debug|Any CPU
		Release|Any CPU = Release|Any CPU
	EndGlobalSection
	GlobalSection(ProjectConfigurationPlatforms) = postSolution
		{F4DD1538-1323-4F30-A085-02E5533DEB39}.Debug|Any CPU.ActiveCfg = Debug|Any CPU
		{F4DD1538-1323-4F30-A085-02E5533DEB39}.Debug|Any CPU.Build.0 = Debug|Any CPU
		{F4DD1538-1323-4F30-A085-02E5533DEB39}.Release|Any CPU.ActiveCfg = Release|Any CPU
		{F4DD1538-1323-4F30-A085-02E5533DEB39}.Release|Any CPU.Build.0 = Release|Any CPU
	EndGlobalSection
	GlobalSection(SolutionProperties) = preSolution
		HideSolutionNode = FALSE
	EndGlobalSection
	GlobalSection(ExtensibilityGlobals) = postSolution
		SolutionGuid = {0831EE2E-A7E6-4B2B-8634-BC217A10746B}
	EndGlobalSection
EndGlobal
