
Microsoft Visual Studio Solution File, Format Version 12.00
# Visual Studio Version 17
VisualStudioVersion = 17.14.36310.24 d17.14
MinimumVisualStudioVersion = 10.0.40219.1
Project("{FAE04EC0-301F-11D3-BF4B-00C04F79EFBC}") = "question12-13", "question12-13.csproj", "{99307ACB-4EA1-46B6-ACA3-DFC7B5D02241}"
EndProject
Global
	GlobalSection(SolutionConfigurationPlatforms) = preSolution
		Debug|Any CPU = Debug|Any CPU
		Release|Any CPU = Release|Any CPU
	EndGlobalSection
	GlobalSection(ProjectConfigurationPlatforms) = postSolution
		{99307ACB-4EA1-46B6-ACA3-DFC7B5D02241}.Debug|Any CPU.ActiveCfg = Debug|Any CPU
		{99307ACB-4EA1-46B6-ACA3-DFC7B5D02241}.Debug|Any CPU.Build.0 = Debug|Any CPU
		{99307ACB-4EA1-46B6-ACA3-DFC7B5D02241}.Release|Any CPU.ActiveCfg = Release|Any CPU
		{99307ACB-4EA1-46B6-ACA3-DFC7B5D02241}.Release|Any CPU.Build.0 = Release|Any CPU
	EndGlobalSection
	GlobalSection(SolutionProperties) = preSolution
		HideSolutionNode = FALSE
	EndGlobalSection
	GlobalSection(ExtensibilityGlobals) = postSolution
		SolutionGuid = {4BE905BA-7ED2-4A37-B7F6-2A6ACB8C7D40}
	EndGlobalSection
EndGlobal
