
Microsoft Visual Studio Solution File, Format Version 12.00
# Visual Studio Version 17
VisualStudioVersion = 17.14.36327.8 d17.14
MinimumVisualStudioVersion = 10.0.40219.1
Project("{FAE04EC0-301F-11D3-BF4B-00C04F79EFBC}") = "tuitionCalculator", "tuitionCalculator.csproj", "{EB63B7F2-A057-4372-8FF1-E9A2BCD0C77F}"
EndProject
Global
	GlobalSection(SolutionConfigurationPlatforms) = preSolution
		Debug|Any CPU = Debug|Any CPU
		Release|Any CPU = Release|Any CPU
	EndGlobalSection
	GlobalSection(ProjectConfigurationPlatforms) = postSolution
		{EB63B7F2-A057-4372-8FF1-E9A2BCD0C77F}.Debug|Any CPU.ActiveCfg = Debug|Any CPU
		{EB63B7F2-A057-4372-8FF1-E9A2BCD0C77F}.Debug|Any CPU.Build.0 = Debug|Any CPU
		{EB63B7F2-A057-4372-8FF1-E9A2BCD0C77F}.Release|Any CPU.ActiveCfg = Release|Any CPU
		{EB63B7F2-A057-4372-8FF1-E9A2BCD0C77F}.Release|Any CPU.Build.0 = Release|Any CPU
	EndGlobalSection
	GlobalSection(SolutionProperties) = preSolution
		HideSolutionNode = FALSE
	EndGlobalSection
	GlobalSection(ExtensibilityGlobals) = postSolution
		SolutionGuid = {669EC092-1963-4A56-A22A-E7243F997F28}
	EndGlobalSection
EndGlobal
