
Microsoft Visual Studio Solution File, Format Version 12.00
# Visual Studio Version 17
VisualStudioVersion = 17.14.36310.24 d17.14
MinimumVisualStudioVersion = 10.0.40219.1
Project("{FAE04EC0-301F-11D3-BF4B-00C04F79EFBC}") = "testAverage", "testAverage.csproj", "{EFE3CCB2-DEF8-43CA-9A56-4C3D958D22EB}"
EndProject
Global
	GlobalSection(SolutionConfigurationPlatforms) = preSolution
		Debug|Any CPU = Debug|Any CPU
		Release|Any CPU = Release|Any CPU
	EndGlobalSection
	GlobalSection(ProjectConfigurationPlatforms) = postSolution
		{EFE3CCB2-DEF8-43CA-9A56-4C3D958D22EB}.Debug|Any CPU.ActiveCfg = Debug|Any CPU
		{EFE3CCB2-DEF8-43CA-9A56-4C3D958D22EB}.Debug|Any CPU.Build.0 = Debug|Any CPU
		{EFE3CCB2-DEF8-43CA-9A56-4C3D958D22EB}.Release|Any CPU.ActiveCfg = Release|Any CPU
		{EFE3CCB2-DEF8-43CA-9A56-4C3D958D22EB}.Release|Any CPU.Build.0 = Release|Any CPU
	EndGlobalSection
	GlobalSection(SolutionProperties) = preSolution
		HideSolutionNode = FALSE
	EndGlobalSection
	GlobalSection(ExtensibilityGlobals) = postSolution
		SolutionGuid = {18B278A5-860B-449D-8F33-B5D62200DE2B}
	EndGlobalSection
EndGlobal
