
Microsoft Visual Studio Solution File, Format Version 12.00
# Visual Studio Version 17
VisualStudioVersion = 17.14.36310.24 d17.14
MinimumVisualStudioVersion = 10.0.40219.1
Project("{FAE04EC0-301F-11D3-BF4B-00C04F79EFBC}") = "massAndWeight", "massAndWeight.csproj", "{D83C9E64-FF03-4106-BA9E-B8DABA520EFF}"
EndProject
Global
	GlobalSection(SolutionConfigurationPlatforms) = preSolution
		Debug|Any CPU = Debug|Any CPU
		Release|Any CPU = Release|Any CPU
	EndGlobalSection
	GlobalSection(ProjectConfigurationPlatforms) = postSolution
		{D83C9E64-FF03-4106-BA9E-B8DABA520EFF}.Debug|Any CPU.ActiveCfg = Debug|Any CPU
		{D83C9E64-FF03-4106-BA9E-B8DABA520EFF}.Debug|Any CPU.Build.0 = Debug|Any CPU
		{D83C9E64-FF03-4106-BA9E-B8DABA520EFF}.Release|Any CPU.ActiveCfg = Release|Any CPU
		{D83C9E64-FF03-4106-BA9E-B8DABA520EFF}.Release|Any CPU.Build.0 = Release|Any CPU
	EndGlobalSection
	GlobalSection(SolutionProperties) = preSolution
		HideSolutionNode = FALSE
	EndGlobalSection
	GlobalSection(ExtensibilityGlobals) = postSolution
		SolutionGuid = {8BB0C72E-1D0D-403E-90D7-D00815C0F495}
	EndGlobalSection
EndGlobal
