
Microsoft Visual Studio Solution File, Format Version 12.00
# Visual Studio Version 17
VisualStudioVersion = 17.14.36310.24 d17.14
MinimumVisualStudioVersion = 10.0.40219.1
Project("{FAE04EC0-301F-11D3-BF4B-00C04F79EFBC}") = "ConboySLab0", "ConboySLab0.csproj", "{F9CFDC5A-A497-4D26-AF30-C31AB342027D}"
EndProject
Global
	GlobalSection(SolutionConfigurationPlatforms) = preSolution
		Debug|Any CPU = Debug|Any CPU
		Release|Any CPU = Release|Any CPU
	EndGlobalSection
	GlobalSection(ProjectConfigurationPlatforms) = postSolution
		{F9CFDC5A-A497-4D26-AF30-C31AB342027D}.Debug|Any CPU.ActiveCfg = Debug|Any CPU
		{F9CFDC5A-A497-4D26-AF30-C31AB342027D}.Debug|Any CPU.Build.0 = Debug|Any CPU
		{F9CFDC5A-A497-4D26-AF30-C31AB342027D}.Release|Any CPU.ActiveCfg = Release|Any CPU
		{F9CFDC5A-A497-4D26-AF30-C31AB342027D}.Release|Any CPU.Build.0 = Release|Any CPU
	EndGlobalSection
	GlobalSection(SolutionProperties) = preSolution
		HideSolutionNode = FALSE
	EndGlobalSection
	GlobalSection(ExtensibilityGlobals) = postSolution
		SolutionGuid = {6F389660-04EC-4D06-ADA8-B2E894136252}
	EndGlobalSection
EndGlobal
