
Microsoft Visual Studio Solution File, Format Version 12.00
# Visual Studio Version 17
VisualStudioVersion = 17.14.36327.8 d17.14
MinimumVisualStudioVersion = 10.0.40219.1
Project("{FAE04EC0-301F-11D3-BF4B-00C04F79EFBC}") = "nameFormatter", "nameFormatter.csproj", "{57DDF80D-C0E5-4122-B967-204F52AF2F40}"
EndProject
Global
	GlobalSection(SolutionConfigurationPlatforms) = preSolution
		Debug|Any CPU = Debug|Any CPU
		Release|Any CPU = Release|Any CPU
	EndGlobalSection
	GlobalSection(ProjectConfigurationPlatforms) = postSolution
		{57DDF80D-C0E5-4122-B967-204F52AF2F40}.Debug|Any CPU.ActiveCfg = Debug|Any CPU
		{57DDF80D-C0E5-4122-B967-204F52AF2F40}.Debug|Any CPU.Build.0 = Debug|Any CPU
		{57DDF80D-C0E5-4122-B967-204F52AF2F40}.Release|Any CPU.ActiveCfg = Release|Any CPU
		{57DDF80D-C0E5-4122-B967-204F52AF2F40}.Release|Any CPU.Build.0 = Release|Any CPU
	EndGlobalSection
	GlobalSection(SolutionProperties) = preSolution
		HideSolutionNode = FALSE
	EndGlobalSection
	GlobalSection(ExtensibilityGlobals) = postSolution
		SolutionGuid = {A83C15BC-CC1F-46BB-85B3-FB8242A37FC5}
	EndGlobalSection
EndGlobal
