
Microsoft Visual Studio Solution File, Format Version 12.00
# Visual Studio Version 17
VisualStudioVersion = 17.14.36327.8 d17.14
MinimumVisualStudioVersion = 10.0.40219.1
Project("{FAE04EC0-301F-11D3-BF4B-00C04F79EFBC}") = "totalSales", "totalSales.csproj", "{1ED2ED83-4AEA-4418-B911-0EC682F60FD3}"
EndProject
Global
	GlobalSection(SolutionConfigurationPlatforms) = preSolution
		Debug|Any CPU = Debug|Any CPU
		Release|Any CPU = Release|Any CPU
	EndGlobalSection
	GlobalSection(ProjectConfigurationPlatforms) = postSolution
		{1ED2ED83-4AEA-4418-B911-0EC682F60FD3}.Debug|Any CPU.ActiveCfg = Debug|Any CPU
		{1ED2ED83-4AEA-4418-B911-0EC682F60FD3}.Debug|Any CPU.Build.0 = Debug|Any CPU
		{1ED2ED83-4AEA-4418-B911-0EC682F60FD3}.Release|Any CPU.ActiveCfg = Release|Any CPU
		{1ED2ED83-4AEA-4418-B911-0EC682F60FD3}.Release|Any CPU.Build.0 = Release|Any CPU
	EndGlobalSection
	GlobalSection(SolutionProperties) = preSolution
		HideSolutionNode = FALSE
	EndGlobalSection
	GlobalSection(ExtensibilityGlobals) = postSolution
		SolutionGuid = {67409590-25D2-4BB5-A8C2-D7FE57A97EC2}
	EndGlobalSection
EndGlobal
