
Microsoft Visual Studio Solution File, Format Version 12.00
# Visual Studio Version 17
VisualStudioVersion = 17.14.36623.8 d17.14
MinimumVisualStudioVersion = 10.0.40219.1
Project("{FAE04EC0-301F-11D3-BF4B-00C04F79EFBC}") = "sConboyStacksLab", "sConboyStacksLab.csproj", "{BFA3CDC7-4CF5-4A6F-B415-CB71A5E66498}"
EndProject
Global
	GlobalSection(SolutionConfigurationPlatforms) = preSolution
		Debug|Any CPU = Debug|Any CPU
		Release|Any CPU = Release|Any CPU
	EndGlobalSection
	GlobalSection(ProjectConfigurationPlatforms) = postSolution
		{BFA3CDC7-4CF5-4A6F-B415-CB71A5E66498}.Debug|Any CPU.ActiveCfg = Debug|Any CPU
		{BFA3CDC7-4CF5-4A6F-B415-CB71A5E66498}.Debug|Any CPU.Build.0 = Debug|Any CPU
		{BFA3CDC7-4CF5-4A6F-B415-CB71A5E66498}.Release|Any CPU.ActiveCfg = Release|Any CPU
		{BFA3CDC7-4CF5-4A6F-B415-CB71A5E66498}.Release|Any CPU.Build.0 = Release|Any CPU
	EndGlobalSection
	GlobalSection(SolutionProperties) = preSolution
		HideSolutionNode = FALSE
	EndGlobalSection
	GlobalSection(ExtensibilityGlobals) = postSolution
		SolutionGuid = {CC8A625C-5FD9-4EB3-97B6-6696FC14491E}
	EndGlobalSection
EndGlobal
