
Microsoft Visual Studio Solution File, Format Version 12.00
# Visual Studio Version 17
VisualStudioVersion = 17.14.36616.10 d17.14
MinimumVisualStudioVersion = 10.0.40219.1
Project("{FAE04EC0-301F-11D3-BF4B-00C04F79EFBC}") = "passwordValidation", "passwordValidation.csproj", "{B11DEEFF-BCD6-4320-B668-22776664F6A0}"
EndProject
Global
	GlobalSection(SolutionConfigurationPlatforms) = preSolution
		Debug|Any CPU = Debug|Any CPU
		Release|Any CPU = Release|Any CPU
	EndGlobalSection
	GlobalSection(ProjectConfigurationPlatforms) = postSolution
		{B11DEEFF-BCD6-4320-B668-22776664F6A0}.Debug|Any CPU.ActiveCfg = Debug|Any CPU
		{B11DEEFF-BCD6-4320-B668-22776664F6A0}.Debug|Any CPU.Build.0 = Debug|Any CPU
		{B11DEEFF-BCD6-4320-B668-22776664F6A0}.Release|Any CPU.ActiveCfg = Release|Any CPU
		{B11DEEFF-BCD6-4320-B668-22776664F6A0}.Release|Any CPU.Build.0 = Release|Any CPU
	EndGlobalSection
	GlobalSection(SolutionProperties) = preSolution
		HideSolutionNode = FALSE
	EndGlobalSection
	GlobalSection(ExtensibilityGlobals) = postSolution
		SolutionGuid = {F26003F4-2CB5-4BB7-842A-0EC4EA6864AB}
	EndGlobalSection
EndGlobal
