
Microsoft Visual Studio Solution File, Format Version 12.00
# Visual Studio Version 17
VisualStudioVersion = 17.14.36705.20 d17.14
MinimumVisualStudioVersion = 10.0.40219.1
Project("{FAE04EC0-301F-11D3-BF4B-00C04F79EFBC}") = "sConboyTest3Resubmission", "sConboyTest3Resubmission.csproj", "{222C721E-53C7-4960-A50C-21E322FF48DF}"
EndProject
Global
	GlobalSection(SolutionConfigurationPlatforms) = preSolution
		Debug|Any CPU = Debug|Any CPU
		Release|Any CPU = Release|Any CPU
	EndGlobalSection
	GlobalSection(ProjectConfigurationPlatforms) = postSolution
		{222C721E-53C7-4960-A50C-21E322FF48DF}.Debug|Any CPU.ActiveCfg = Debug|Any CPU
		{222C721E-53C7-4960-A50C-21E322FF48DF}.Debug|Any CPU.Build.0 = Debug|Any CPU
		{222C721E-53C7-4960-A50C-21E322FF48DF}.Release|Any CPU.ActiveCfg = Release|Any CPU
		{222C721E-53C7-4960-A50C-21E322FF48DF}.Release|Any CPU.Build.0 = Release|Any CPU
	EndGlobalSection
	GlobalSection(SolutionProperties) = preSolution
		HideSolutionNode = FALSE
	EndGlobalSection
	GlobalSection(ExtensibilityGlobals) = postSolution
		SolutionGuid = {972EA9A0-AC51-47EA-8FD4-31D4B9B3A525}
	EndGlobalSection
EndGlobal
