
Microsoft Visual Studio Solution File, Format Version 12.00
# Visual Studio Version 17
VisualStudioVersion = 17.14.36616.10 d17.14
MinimumVisualStudioVersion = 10.0.40219.1
Project("{FAE04EC0-301F-11D3-BF4B-00C04F79EFBC}") = "sentenceCapitalizer", "sentenceCapitalizer.csproj", "{BF844E2B-49DD-4BC6-8B44-E338D4C8176A}"
EndProject
Global
	GlobalSection(SolutionConfigurationPlatforms) = preSolution
		Debug|Any CPU = Debug|Any CPU
		Release|Any CPU = Release|Any CPU
	EndGlobalSection
	GlobalSection(ProjectConfigurationPlatforms) = postSolution
		{BF844E2B-49DD-4BC6-8B44-E338D4C8176A}.Debug|Any CPU.ActiveCfg = Debug|Any CPU
		{BF844E2B-49DD-4BC6-8B44-E338D4C8176A}.Debug|Any CPU.Build.0 = Debug|Any CPU
		{BF844E2B-49DD-4BC6-8B44-E338D4C8176A}.Release|Any CPU.ActiveCfg = Release|Any CPU
		{BF844E2B-49DD-4BC6-8B44-E338D4C8176A}.Release|Any CPU.Build.0 = Release|Any CPU
	EndGlobalSection
	GlobalSection(SolutionProperties) = preSolution
		HideSolutionNode = FALSE
	EndGlobalSection
	GlobalSection(ExtensibilityGlobals) = postSolution
		SolutionGuid = {CBDC3FB7-FA31-49D4-9054-5230B8E0B6CD}
	EndGlobalSection
EndGlobal
